
Microsoft Visual Studio Solution File, Format Version 12.00
# Visual Studio Version 16
VisualStudioVersion = 16.0.32510.428
MinimumVisualStudioVersion = 10.0.40219.1
Project("{FAE04EC0-301F-11D3-BF4B-00C04F79EFBC}") = "PersonSQLCRUD", "PersonSQLCRUD\PersonSQLCRUD.csproj", "{4165DC59-0576-4563-BEF2-F3FF953FD2B3}"
EndProject
Global
	GlobalSection(SolutionConfigurationPlatforms) = preSolution
		Debug|Any CPU = Debug|Any CPU
		Release|Any CPU = Release|Any CPU
	EndGlobalSection
	GlobalSection(ProjectConfigurationPlatforms) = postSolution
		{4165DC59-0576-4563-BEF2-F3FF953FD2B3}.Debug|Any CPU.ActiveCfg = Debug|Any CPU
		{4165DC59-0576-4563-BEF2-F3FF953FD2B3}.Debug|Any CPU.Build.0 = Debug|Any CPU
		{4165DC59-0576-4563-BEF2-F3FF953FD2B3}.Release|Any CPU.ActiveCfg = Release|Any CPU
		{4165DC59-0576-4563-BEF2-F3FF953FD2B3}.Release|Any CPU.Build.0 = Release|Any CPU
	EndGlobalSection
	GlobalSection(SolutionProperties) = preSolution
		HideSolutionNode = FALSE
	EndGlobalSection
	GlobalSection(ExtensibilityGlobals) = postSolution
		SolutionGuid = {D69FD8CF-E746-4BA6-A6B8-8FA06147765B}
	EndGlobalSection
EndGlobal
